
Microsoft Visual Studio Solution File, Format Version 12.00
# Visual Studio Version 17
VisualStudioVersion = 17.8.34330.188
MinimumVisualStudioVersion = 10.0.40219.1
Project("{FAE04EC0-301F-11D3-BF4B-00C04F79EFBC}") = "EventCalender", "EventCalender\EventCalender.csproj", "{80F62913-0078-46D0-A5EC-743FD5A5C230}"
EndProject
Global
	GlobalSection(SolutionConfigurationPlatforms) = preSolution
		Debug|Any CPU = Debug|Any CPU
		Release|Any CPU = Release|Any CPU
	EndGlobalSection
	GlobalSection(ProjectConfigurationPlatforms) = postSolution
		{80F62913-0078-46D0-A5EC-743FD5A5C230}.Debug|Any CPU.ActiveCfg = Debug|Any CPU
		{80F62913-0078-46D0-A5EC-743FD5A5C230}.Debug|Any CPU.Build.0 = Debug|Any CPU
		{80F62913-0078-46D0-A5EC-743FD5A5C230}.Release|Any CPU.ActiveCfg = Release|Any CPU
		{80F62913-0078-46D0-A5EC-743FD5A5C230}.Release|Any CPU.Build.0 = Release|Any CPU
	EndGlobalSection
	GlobalSection(SolutionProperties) = preSolution
		HideSolutionNode = FALSE
	EndGlobalSection
	GlobalSection(ExtensibilityGlobals) = postSolution
		SolutionGuid = {B9EBBC4D-B0E7-40F2-9790-CF1B23981817}
	EndGlobalSection
EndGlobal
